{
  "name": "node-sarama",
  "version": "1.0.0",
  "lockfileVersion": 1,
  "requires": true,
  "dependencies": {
    "@types/node": {
      "version": "13.13.4",
      "resolved": "https://registry.npm.taobao.org/@types/node/download/@types/node-13.13.4.tgz",
      "integrity": "sha1-FYHWwW49SAPrB5yH1KyJPudQHCw="
    },
    "nan": {
      "version": "2.14.1",
      "resolved": "https://registry.npm.taobao.org/nan/download/nan-2.14.1.tgz?cache=0&sync_timestamp=1587495810273&other_urls=https%3A%2F%2Fregistry.npm.taobao.org%2Fnan%2Fdownload%2Fnan-2.14.1.tgz",
      "integrity": "sha1-174036MQW5FJTDFHCJMV7/iHSwE="
    },
    "svmq": {
      "version": "1.0.7",
      "resolved": "https://registry.npm.taobao.org/svmq/download/svmq-1.0.7.tgz",
      "integrity": "sha1-kUhr/XuV54vWAxj46XT3mitZzMg=",
      "requires": {
        "nan": "^2.2.0"
      }
    }
  }
}
